
Microsoft Visual Studio Solution File, Format Version 12.00
# Visual Studio Version 16
VisualStudioVersion = 16.0.31702.278
MinimumVisualStudioVersion = 10.0.40219.1
Project("{2150E333-8FDC-42A3-9474-1A3956D46DE8}") = "Services", "Services", "{1306549B-2835-4FD4-877A-1882AD85F68B}"
EndProject
Project("{2150E333-8FDC-42A3-9474-1A3956D46DE8}") = "Catalog", "Catalog", "{08738BC8-124E-49D1-B9D9-A7D71119A0C4}"
EndProject
Project("{9A19103F-16F7-4668-BE54-9A1E7A4F7556}") = "DotnetMicroserviceArchitecture.CatalogAPI", "Services\Catalog\DotnetMicroserviceArchitecture.CatalogAPI\DotnetMicroserviceArchitecture.CatalogAPI.csproj", "{A21AF0ED-D4EE-402C-A2BC-3E82388D4674}"
EndProject
Project("{2150E333-8FDC-42A3-9474-1A3956D46DE8}") = "Solution Items", "Solution Items", "{EF4C7306-1784-4242-85EF-0CDBC29338FF}"
	ProjectSection(SolutionItems) = preProject
		Ports.txt = Ports.txt
	EndProjectSection
EndProject
Project("{2150E333-8FDC-42A3-9474-1A3956D46DE8}") = "Shared", "Shared", "{D47F03A0-67DD-482B-98FD-82789A51AE18}"
EndProject
Project("{9A19103F-16F7-4668-BE54-9A1E7A4F7556}") = "DotnetMicroserviceArchitecture.Core", "Shared\DotnetMicroserviceArchitecture.Core\DotnetMicroserviceArchitecture.Core.csproj", "{5682C3DB-6D96-4185-9084-FB0550645C73}"
EndProject
Project("{2150E333-8FDC-42A3-9474-1A3956D46DE8}") = "IdentityServer", "IdentityServer", "{B212149F-4158-4E95-867F-6844C21B43FD}"
EndProject
Project("{9A19103F-16F7-4668-BE54-9A1E7A4F7556}") = "DotnetMicroserviceArchitecture.IdentityServer", "IdentityServer\DotnetMicroserviceArchitecture.IdentityServer\DotnetMicroserviceArchitecture.IdentityServer.csproj", "{A34050BC-3DED-467E-B539-B46A17B6A136}"
EndProject
Project("{2150E333-8FDC-42A3-9474-1A3956D46DE8}") = "Stock", "Stock", "{118092C9-A407-48D8-BC04-A4F21873154A}"
EndProject
Project("{9A19103F-16F7-4668-BE54-9A1E7A4F7556}") = "DotnetMicroserviceArchitecture.StockAPI", "Services\Stock\DotnetMicroserviceArchitecture.StockAPI\DotnetMicroserviceArchitecture.StockAPI.csproj", "{A8F8D41D-CA84-4E1D-8135-6B077E03D828}"
EndProject
Project("{2150E333-8FDC-42A3-9474-1A3956D46DE8}") = "Basket", "Basket", "{72C261DB-25BA-434B-A623-4EF63E4FE114}"
EndProject
Project("{9A19103F-16F7-4668-BE54-9A1E7A4F7556}") = "DotnetMicroserviceArchitecture.BasketAPI", "Services\Basket\DotnetMicroserviceArchitecture.BasketAPI\DotnetMicroserviceArchitecture.BasketAPI.csproj", "{5B2887A0-33A9-4B0A-B13C-55B3AFDF45D4}"
EndProject
Project("{2150E333-8FDC-42A3-9474-1A3956D46DE8}") = "Discount", "Discount", "{923FB46F-CD45-4FE5-88DD-D138D6D22B46}"
EndProject
Project("{9A19103F-16F7-4668-BE54-9A1E7A4F7556}") = "DotnetMicroserviceArchitecture.DiscountAPI", "Services\Discount\DotnetMicroserviceArchitecture.DiscountAPI\DotnetMicroserviceArchitecture.DiscountAPI.csproj", "{7C377EC7-DB7E-434A-8D26-B95D21CC2FD3}"
EndProject
Project("{2150E333-8FDC-42A3-9474-1A3956D46DE8}") = "Order", "Order", "{C59D5E53-D368-4222-A27B-7F5C29B1C86C}"
EndProject
Project("{FAE04EC0-301F-11D3-BF4B-00C04F79EFBC}") = "DotnetMicroserviceArchitecture.OrderAPI", "Services\Order\DotnetMicroserviceArchitecture.OrderAPI\DotnetMicroserviceArchitecture.OrderAPI.csproj", "{A15EFC56-878D-416D-884D-D5F498FCEDD1}"
EndProject
Project("{FAE04EC0-301F-11D3-BF4B-00C04F79EFBC}") = "DotnetMicroserviceArchitecture.Order.Application", "Services\Order\DotnetMicroserviceArchitecture.Order.Application\DotnetMicroserviceArchitecture.Order.Application.csproj", "{4C8C25DF-D932-46DF-BC48-7C3C680B1CDB}"
EndProject
Project("{FAE04EC0-301F-11D3-BF4B-00C04F79EFBC}") = "DotnetMicroserviceArchitecture.Order.Domain", "Services\Order\DotnetMicroserviceArchitecture.Order.Domain\DotnetMicroserviceArchitecture.Order.Domain.csproj", "{9B510771-B644-454C-A661-B2A1CE4ACA13}"
EndProject
Project("{FAE04EC0-301F-11D3-BF4B-00C04F79EFBC}") = "DotnetMicroserviceArchitecture.Order.Core", "Services\Order\DotnetMicroserviceArchitecture.Order.Core\DotnetMicroserviceArchitecture.Order.Core.csproj", "{20104DEC-ED2E-4141-96BA-993F5C3A7E88}"
EndProject
Project("{FAE04EC0-301F-11D3-BF4B-00C04F79EFBC}") = "DotnetMicroserviceArchitecture.Order.Infrastructure", "Services\Order\DotnetMicroserviceArchitecture.Order.Infrastructure\DotnetMicroserviceArchitecture.Order.Infrastructure.csproj", "{6EEAF08C-96E4-47C4-8C82-596A63954D4F}"
EndProject
Global
	GlobalSection(SolutionConfigurationPlatforms) = preSolution
		Debug|Any CPU = Debug|Any CPU
		Release|Any CPU = Release|Any CPU
	EndGlobalSection
	GlobalSection(ProjectConfigurationPlatforms) = postSolution
		{A21AF0ED-D4EE-402C-A2BC-3E82388D4674}.Debug|Any CPU.ActiveCfg = Debug|Any CPU
		{A21AF0ED-D4EE-402C-A2BC-3E82388D4674}.Debug|Any CPU.Build.0 = Debug|Any CPU
		{A21AF0ED-D4EE-402C-A2BC-3E82388D4674}.Release|Any CPU.ActiveCfg = Release|Any CPU
		{A21AF0ED-D4EE-402C-A2BC-3E82388D4674}.Release|Any CPU.Build.0 = Release|Any CPU
		{5682C3DB-6D96-4185-9084-FB0550645C73}.Debug|Any CPU.ActiveCfg = Debug|Any CPU
		{5682C3DB-6D96-4185-9084-FB0550645C73}.Debug|Any CPU.Build.0 = Debug|Any CPU
		{5682C3DB-6D96-4185-9084-FB0550645C73}.Release|Any CPU.ActiveCfg = Release|Any CPU
		{5682C3DB-6D96-4185-9084-FB0550645C73}.Release|Any CPU.Build.0 = Release|Any CPU
		{A34050BC-3DED-467E-B539-B46A17B6A136}.Debug|Any CPU.ActiveCfg = Debug|Any CPU
		{A34050BC-3DED-467E-B539-B46A17B6A136}.Debug|Any CPU.Build.0 = Debug|Any CPU
		{A34050BC-3DED-467E-B539-B46A17B6A136}.Release|Any CPU.ActiveCfg = Release|Any CPU
		{A34050BC-3DED-467E-B539-B46A17B6A136}.Release|Any CPU.Build.0 = Release|Any CPU
		{A8F8D41D-CA84-4E1D-8135-6B077E03D828}.Debug|Any CPU.ActiveCfg = Debug|Any CPU
		{A8F8D41D-CA84-4E1D-8135-6B077E03D828}.Debug|Any CPU.Build.0 = Debug|Any CPU
		{A8F8D41D-CA84-4E1D-8135-6B077E03D828}.Release|Any CPU.ActiveCfg = Release|Any CPU
		{A8F8D41D-CA84-4E1D-8135-6B077E03D828}.Release|Any CPU.Build.0 = Release|Any CPU
		{5B2887A0-33A9-4B0A-B13C-55B3AFDF45D4}.Debug|Any CPU.ActiveCfg = Debug|Any CPU
		{5B2887A0-33A9-4B0A-B13C-55B3AFDF45D4}.Debug|Any CPU.Build.0 = Debug|Any CPU
		{5B2887A0-33A9-4B0A-B13C-55B3AFDF45D4}.Release|Any CPU.ActiveCfg = Release|Any CPU
		{5B2887A0-33A9-4B0A-B13C-55B3AFDF45D4}.Release|Any CPU.Build.0 = Release|Any CPU
		{7C377EC7-DB7E-434A-8D26-B95D21CC2FD3}.Debug|Any CPU.ActiveCfg = Debug|Any CPU
		{7C377EC7-DB7E-434A-8D26-B95D21CC2FD3}.Debug|Any CPU.Build.0 = Debug|Any CPU
		{7C377EC7-DB7E-434A-8D26-B95D21CC2FD3}.Release|Any CPU.ActiveCfg = Release|Any CPU
		{7C377EC7-DB7E-434A-8D26-B95D21CC2FD3}.Release|Any CPU.Build.0 = Release|Any CPU
		{A15EFC56-878D-416D-884D-D5F498FCEDD1}.Debug|Any CPU.ActiveCfg = Debug|Any CPU
		{A15EFC56-878D-416D-884D-D5F498FCEDD1}.Debug|Any CPU.Build.0 = Debug|Any CPU
		{A15EFC56-878D-416D-884D-D5F498FCEDD1}.Release|Any CPU.ActiveCfg = Release|Any CPU
		{A15EFC56-878D-416D-884D-D5F498FCEDD1}.Release|Any CPU.Build.0 = Release|Any CPU
		{4C8C25DF-D932-46DF-BC48-7C3C680B1CDB}.Debug|Any CPU.ActiveCfg = Debug|Any CPU
		{4C8C25DF-D932-46DF-BC48-7C3C680B1CDB}.Debug|Any CPU.Build.0 = Debug|Any CPU
		{4C8C25DF-D932-46DF-BC48-7C3C680B1CDB}.Release|Any CPU.ActiveCfg = Release|Any CPU
		{4C8C25DF-D932-46DF-BC48-7C3C680B1CDB}.Release|Any CPU.Build.0 = Release|Any CPU
		{9B510771-B644-454C-A661-B2A1CE4ACA13}.Debug|Any CPU.ActiveCfg = Debug|Any CPU
		{9B510771-B644-454C-A661-B2A1CE4ACA13}.Debug|Any CPU.Build.0 = Debug|Any CPU
		{9B510771-B644-454C-A661-B2A1CE4ACA13}.Release|Any CPU.ActiveCfg = Release|Any CPU
		{9B510771-B644-454C-A661-B2A1CE4ACA13}.Release|Any CPU.Build.0 = Release|Any CPU
		{20104DEC-ED2E-4141-96BA-993F5C3A7E88}.Debug|Any CPU.ActiveCfg = Debug|Any CPU
		{20104DEC-ED2E-4141-96BA-993F5C3A7E88}.Debug|Any CPU.Build.0 = Debug|Any CPU
		{20104DEC-ED2E-4141-96BA-993F5C3A7E88}.Release|Any CPU.ActiveCfg = Release|Any CPU
		{20104DEC-ED2E-4141-96BA-993F5C3A7E88}.Release|Any CPU.Build.0 = Release|Any CPU
		{6EEAF08C-96E4-47C4-8C82-596A63954D4F}.Debug|Any CPU.ActiveCfg = Debug|Any CPU
		{6EEAF08C-96E4-47C4-8C82-596A63954D4F}.Debug|Any CPU.Build.0 = Debug|Any CPU
		{6EEAF08C-96E4-47C4-8C82-596A63954D4F}.Release|Any CPU.ActiveCfg = Release|Any CPU
		{6EEAF08C-96E4-47C4-8C82-596A63954D4F}.Release|Any CPU.Build.0 = Release|Any CPU
	EndGlobalSection
	GlobalSection(SolutionProperties) = preSolution
		HideSolutionNode = FALSE
	EndGlobalSection
	GlobalSection(NestedProjects) = preSolution
		{08738BC8-124E-49D1-B9D9-A7D71119A0C4} = {1306549B-2835-4FD4-877A-1882AD85F68B}
		{A21AF0ED-D4EE-402C-A2BC-3E82388D4674} = {08738BC8-124E-49D1-B9D9-A7D71119A0C4}
		{5682C3DB-6D96-4185-9084-FB0550645C73} = {D47F03A0-67DD-482B-98FD-82789A51AE18}
		{A34050BC-3DED-467E-B539-B46A17B6A136} = {B212149F-4158-4E95-867F-6844C21B43FD}
		{118092C9-A407-48D8-BC04-A4F21873154A} = {1306549B-2835-4FD4-877A-1882AD85F68B}
		{A8F8D41D-CA84-4E1D-8135-6B077E03D828} = {118092C9-A407-48D8-BC04-A4F21873154A}
		{72C261DB-25BA-434B-A623-4EF63E4FE114} = {1306549B-2835-4FD4-877A-1882AD85F68B}
		{5B2887A0-33A9-4B0A-B13C-55B3AFDF45D4} = {72C261DB-25BA-434B-A623-4EF63E4FE114}
		{923FB46F-CD45-4FE5-88DD-D138D6D22B46} = {1306549B-2835-4FD4-877A-1882AD85F68B}
		{7C377EC7-DB7E-434A-8D26-B95D21CC2FD3} = {923FB46F-CD45-4FE5-88DD-D138D6D22B46}
		{C59D5E53-D368-4222-A27B-7F5C29B1C86C} = {1306549B-2835-4FD4-877A-1882AD85F68B}
		{A15EFC56-878D-416D-884D-D5F498FCEDD1} = {C59D5E53-D368-4222-A27B-7F5C29B1C86C}
		{4C8C25DF-D932-46DF-BC48-7C3C680B1CDB} = {C59D5E53-D368-4222-A27B-7F5C29B1C86C}
		{9B510771-B644-454C-A661-B2A1CE4ACA13} = {C59D5E53-D368-4222-A27B-7F5C29B1C86C}
		{20104DEC-ED2E-4141-96BA-993F5C3A7E88} = {C59D5E53-D368-4222-A27B-7F5C29B1C86C}
		{6EEAF08C-96E4-47C4-8C82-596A63954D4F} = {C59D5E53-D368-4222-A27B-7F5C29B1C86C}
	EndGlobalSection
	GlobalSection(ExtensibilityGlobals) = postSolution
		SolutionGuid = {C808A89E-1429-4D55-A4C4-BFBDB53EF947}
	EndGlobalSection
EndGlobal
